
Microsoft Visual Studio Solution File, Format Version 12.00
# Visual Studio Version 17
VisualStudioVersion = 17.3.32901.215
MinimumVisualStudioVersion = 10.0.40219.1
Project("{FAE04EC0-301F-11D3-BF4B-00C04F79EFBC}") = "HW2_NotesApiWebApplication", "HW2_NotesApiWebApplication.csproj", "{BB637751-95E1-460F-BBA0-5173CD7A7E0C}"
EndProject
Global
	GlobalSection(SolutionConfigurationPlatforms) = preSolution
		Debug|Any CPU = Debug|Any CPU
		Release|Any CPU = Release|Any CPU
	EndGlobalSection
	GlobalSection(ProjectConfigurationPlatforms) = postSolution
		{BB637751-95E1-460F-BBA0-5173CD7A7E0C}.Debug|Any CPU.ActiveCfg = Debug|Any CPU
		{BB637751-95E1-460F-BBA0-5173CD7A7E0C}.Debug|Any CPU.Build.0 = Debug|Any CPU
		{BB637751-95E1-460F-BBA0-5173CD7A7E0C}.Release|Any CPU.ActiveCfg = Release|Any CPU
		{BB637751-95E1-460F-BBA0-5173CD7A7E0C}.Release|Any CPU.Build.0 = Release|Any CPU
	EndGlobalSection
	GlobalSection(SolutionProperties) = preSolution
		HideSolutionNode = FALSE
	EndGlobalSection
	GlobalSection(ExtensibilityGlobals) = postSolution
		SolutionGuid = {3C129F6B-C8D7-4F4D-B07B-A7CF9AB72AA8}
	EndGlobalSection
EndGlobal
